Microsoft Visual Studio Solution File, Format Version 12.00
# Visual Studio Version 17
VisualStudioVersion = 17.0.31903.59
MinimumVisualStudioVersion = 10.0.40219.1
Project("{FAE04EC0-301F-11D3-BF4B-00C04F79EFBC}") = "Janus.Core", "src\Janus.Core\Janus.Core.csproj", "{0D6A1A87-4A36-49F0-83AF-C41CB00A20C1}"
EndProject
Project("{FAE04EC0-301F-11D3-BF4B-00C04F79EFBC}") = "Janus.Storage", "src\Janus.Storage\Janus.Storage.csproj", "{F20CE5C6-6B8E-42D5-8B7C-B601D60D5DB6}"
EndProject
Project("{FAE04EC0-301F-11D3-BF4B-00C04F79EFBC}") = "Janus.Server", "src\Janus.Server\Janus.Server.csproj", "{60E643DE-7050-4B83-8C04-C07C7EBDEDA2}"
EndProject
Project("{FAE04EC0-301F-11D3-BF4B-00C04F79EFBC}") = "Janus.Tests", "tests\Janus.Tests\Janus.Tests.csproj", "{06690A3B-1E31-49F2-A62E-F54AD68DAB42}"
EndProject
Global
	GlobalSection(SolutionConfigurationPlatforms) = preSolution
		Debug|Any CPU = Debug|Any CPU
		Release|Any CPU = Release|Any CPU
	EndGlobalSection
	GlobalSection(ProjectConfigurationPlatforms) = postSolution
		{0D6A1A87-4A36-49F0-83AF-C41CB00A20C1}.Debug|Any CPU.ActiveCfg = Debug|Any CPU
		{0D6A1A87-4A36-49F0-83AF-C41CB00A20C1}.Debug|Any CPU.Build.0 = Debug|Any CPU
		{0D6A1A87-4A36-49F0-83AF-C41CB00A20C1}.Release|Any CPU.ActiveCfg = Release|Any CPU
		{0D6A1A87-4A36-49F0-83AF-C41CB00A20C1}.Release|Any CPU.Build.0 = Release|Any CPU
		{F20CE5C6-6B8E-42D5-8B7C-B601D60D5DB6}.Debug|Any CPU.ActiveCfg = Debug|Any CPU
		{F20CE5C6-6B8E-42D5-8B7C-B601D60D5DB6}.Debug|Any CPU.Build.0 = Debug|Any CPU
		{F20CE5C6-6B8E-42D5-8B7C-B601D60D5DB6}.Release|Any CPU.ActiveCfg = Release|Any CPU
		{F20CE5C6-6B8E-42D5-8B7C-B601D60D5DB6}.Release|Any CPU.Build.0 = Release|Any CPU
		{60E643DE-7050-4B83-8C04-C07C7EBDEDA2}.Debug|Any CPU.ActiveCfg = Debug|Any CPU
		{60E643DE-7050-4B83-8C04-C07C7EBDEDA2}.Debug|Any CPU.Build.0 = Debug|Any CPU
		{60E643DE-7050-4B83-8C04-C07C7EBDEDA2}.Release|Any CPU.ActiveCfg = Release|Any CPU
		{60E643DE-7050-4B83-8C04-C07C7EBDEDA2}.Release|Any CPU.Build.0 = Release|Any CPU
		{06690A3B-1E31-49F2-A62E-F54AD68DAB42}.Debug|Any CPU.ActiveCfg = Debug|Any CPU
		{06690A3B-1E31-49F2-A62E-F54AD68DAB42}.Debug|Any CPU.Build.0 = Debug|Any CPU
		{06690A3B-1E31-49F2-A62E-F54AD68DAB42}.Release|Any CPU.ActiveCfg = Release|Any CPU
		{06690A3B-1E31-49F2-A62E-F54AD68DAB42}.Release|Any CPU.Build.0 = Release|Any CPU
	EndGlobalSection
EndGlobal
